
Microsoft Visual Studio Solution File, Format Version 10.00
# Visual Studio 2008
Project("{FAE04EC0-301F-11D3-BF4B-00C04F79EFBC}") = "epi-utilities-timer", "epi-utilities-timer.csproj", "{F57F94B3-2ACA-49DD-BF9D-CDAE7C31DFEF}"
EndProject
Global
	GlobalSection(SolutionConfigurationPlatforms) = preSolution
		Debug|Any CPU = Debug|Any CPU
		Release|Any CPU = Release|Any CPU
	EndGlobalSection
	GlobalSection(ProjectConfigurationPlatforms) = postSolution
		{F57F94B3-2ACA-49DD-BF9D-CDAE7C31DFEF}.Debug|Any CPU.ActiveCfg = Debug|Any CPU
		{F57F94B3-2ACA-49DD-BF9D-CDAE7C31DFEF}.Debug|Any CPU.Build.0 = Debug|Any CPU
		{F57F94B3-2ACA-49DD-BF9D-CDAE7C31DFEF}.Release|Any CPU.ActiveCfg = Release|Any CPU
		{F57F94B3-2ACA-49DD-BF9D-CDAE7C31DFEF}.Release|Any CPU.Build.0 = Release|Any CPU
	EndGlobalSection
	GlobalSection(SolutionProperties) = preSolution
		HideSolutionNode = FALSE
	EndGlobalSection
EndGlobal
